// !$*UTF8*$!
{
	archiveVersion = 1;
	classes = {
	};
	objectVersion = 46;
	objects = {

/* Begin PBXBuildFile section */
		6D6A9BA81CE347590052C15D /* BasketDataController.swift in Sources */ = {isa = PBXBuildFile; fileRef = 6D6A9BA71CE347590052C15D /* BasketDataController.swift */; };
		6D6B5FF81CE20BBD0018313E /* GoodsNetworkController.swift in Sources */ = {isa = PBXBuildFile; fileRef = 6D6B5FF61CE20BBD0018313E /* GoodsNetworkController.swift */; };
		6D6B5FFA1CE20BDD0018313E /* GoodsDataController.swift in Sources */ = {isa = PBXBuildFile; fileRef = 6D6B5FF91CE20BDD0018313E /* GoodsDataController.swift */; };
		6D86E0BD1CE296AF0003B8C1 /* ExchangeDataController.swift in Sources */ = {isa = PBXBuildFile; fileRef = 6D86E0BC1CE296AF0003B8C1 /* ExchangeDataController.swift */; };
		6D86E0BF1CE2977E0003B8C1 /* ExchangeNetworkController.swift in Sources */ = {isa = PBXBuildFile; fileRef = 6D86E0BE1CE2977E0003B8C1 /* ExchangeNetworkController.swift */; };
		6D8F98C11CE4819800E840FF /* CurrencyNetworkControllerTests.swift in Sources */ = {isa = PBXBuildFile; fileRef = 6D8F98C01CE4819800E840FF /* CurrencyNetworkControllerTests.swift */; };
		6D8F98C31CE4825B00E840FF /* ExchangeNetworkControllerTests.swift in Sources */ = {isa = PBXBuildFile; fileRef = 6D8F98C21CE4825B00E840FF /* ExchangeNetworkControllerTests.swift */; };
		6D9D0FEF1CE1D3FB0085E67F /* XcodeWarnings.xcconfig in Resources */ = {isa = PBXBuildFile; fileRef = 6D9D0FEE1CE1D3FB0085E67F /* XcodeWarnings.xcconfig */; };
		6D9D0FF21CE1E2900085E67F /* CDEGoods.swift in Sources */ = {isa = PBXBuildFile; fileRef = 6D9D0FF01CE1E2900085E67F /* CDEGoods.swift */; };
		6D9D0FF31CE1E2900085E67F /* CDEGoods+CoreDataProperties.swift in Sources */ = {isa = PBXBuildFile; fileRef = 6D9D0FF11CE1E2900085E67F /* CDEGoods+CoreDataProperties.swift */; };
		6DC3C3561CE47D1A000032C3 /* BasketDataControllerTests.swift in Sources */ = {isa = PBXBuildFile; fileRef = 6DC3C34F1CE47D1A000032C3 /* BasketDataControllerTests.swift */; };
		6DC3C3571CE47D1A000032C3 /* CurrencyDataControllerTests.swift in Sources */ = {isa = PBXBuildFile; fileRef = 6DC3C3501CE47D1A000032C3 /* CurrencyDataControllerTests.swift */; };
		6DC3C3581CE47D1A000032C3 /* ExchangeDataControllerTests.swift in Sources */ = {isa = PBXBuildFile; fileRef = 6DC3C3511CE47D1A000032C3 /* ExchangeDataControllerTests.swift */; };
		6DC3C3591CE47D1A000032C3 /* GoodsDataControllerTests.swift in Sources */ = {isa = PBXBuildFile; fileRef = 6DC3C3521CE47D1A000032C3 /* GoodsDataControllerTests.swift */; };
		6DC3C35A1CE47D1A000032C3 /* SettingsDataControllerTests.swift in Sources */ = {isa = PBXBuildFile; fileRef = 6DC3C3531CE47D1A000032C3 /* SettingsDataControllerTests.swift */; };
		6DC3C35B1CE47D1A000032C3 /* GoodsNetworkControllerTests.swift in Sources */ = {isa = PBXBuildFile; fileRef = 6DC3C3551CE47D1A000032C3 /* GoodsNetworkControllerTests.swift */; };
		6DC71C181CE3E48400B81013 /* BasketTableViewCell.swift in Sources */ = {isa = PBXBuildFile; fileRef = 6DC71C171CE3E48400B81013 /* BasketTableViewCell.swift */; };
		6DC71C1A1CE4039E00B81013 /* CurrencyTableViewController.swift in Sources */ = {isa = PBXBuildFile; fileRef = 6DC71C191CE4039E00B81013 /* CurrencyTableViewController.swift */; };
		6DC71C1C1CE4076E00B81013 /* CurrencyTableViewCell.swift in Sources */ = {isa = PBXBuildFile; fileRef = 6DC71C1B1CE4076E00B81013 /* CurrencyTableViewCell.swift */; };
		6DC804411CE11222005AE856 /* AppDelegate.swift in Sources */ = {isa = PBXBuildFile; fileRef = 6DC8043F1CE11222005AE856 /* AppDelegate.swift */; };
		6DC804441CE11254005AE856 /* EndPoints.swift in Sources */ = {isa = PBXBuildFile; fileRef = 6DC804431CE11254005AE856 /* EndPoints.swift */; };
		6DC804481CE11327005AE856 /* BasketPablo.xcdatamodeld in Sources */ = {isa = PBXBuildFile; fileRef = 6DC804461CE11327005AE856 /* BasketPablo.xcdatamodeld */; };
		6DC8044E1CE113A8005AE856 /* Assets.xcassets in Resources */ = {isa = PBXBuildFile; fileRef = 6DC8044B1CE113A8005AE856 /* Assets.xcassets */; };
		6DC8044F1CE113A8005AE856 /* Localizable.strings in Resources */ = {isa = PBXBuildFile; fileRef = 6DC8044D1CE113A8005AE856 /* Localizable.strings */; };
		6DC804531CE113F3005AE856 /* LaunchScreen.storyboard in Resources */ = {isa = PBXBuildFile; fileRef = 6DC804511CE113F3005AE856 /* LaunchScreen.storyboard */; };
		6DC804541CE113F3005AE856 /* Main.storyboard in Resources */ = {isa = PBXBuildFile; fileRef = 6DC804521CE113F3005AE856 /* Main.storyboard */; };
		6DC8045B1CE1150E005AE856 /* BasketViewController.swift in Sources */ = {isa = PBXBuildFile; fileRef = 6DC804591CE1150E005AE856 /* BasketViewController.swift */; };
		6DC8045C1CE1150E005AE856 /* GoodsViewController.swift in Sources */ = {isa = PBXBuildFile; fileRef = 6DC8045A1CE1150E005AE856 /* GoodsViewController.swift */; };
		6DDEAD971CE256BD001E7878 /* CurrencyDataController.swift in Sources */ = {isa = PBXBuildFile; fileRef = 6DDEAD961CE256BD001E7878 /* CurrencyDataController.swift */; };
		6DDEAD991CE25A67001E7878 /* CurrencyNetworkController.swift in Sources */ = {isa = PBXBuildFile; fileRef = 6DDEAD981CE25A67001E7878 /* CurrencyNetworkController.swift */; };
		6DDEAD9B1CE26579001E7878 /* GoodsTableViewCell.swift in Sources */ = {isa = PBXBuildFile; fileRef = 6DDEAD9A1CE26579001E7878 /* GoodsTableViewCell.swift */; };
		6DDEAD9D1CE26750001E7878 /* Notifications.swift in Sources */ = {isa = PBXBuildFile; fileRef = 6DDEAD9C1CE26750001E7878 /* Notifications.swift */; };
		6DDEAD9F1CE26D37001E7878 /* SettingsDataController.swift in Sources */ = {isa = PBXBuildFile; fileRef = 6DDEAD9E1CE26D37001E7878 /* SettingsDataController.swift */; };
		6DDEADA11CE2758A001E7878 /* Constants.swift in Sources */ = {isa = PBXBuildFile; fileRef = 6DDEADA01CE2758A001E7878 /* Constants.swift */; };
		6DE8F0431CE23F9D00EEA480 /* CDEBasket.swift in Sources */ = {isa = PBXBuildFile; fileRef = 6DE8F03B1CE23F9D00EEA480 /* CDEBasket.swift */; };
		6DE8F0441CE23F9D00EEA480 /* CDEBasket+CoreDataProperties.swift in Sources */ = {isa = PBXBuildFile; fileRef = 6DE8F03C1CE23F9D00EEA480 /* CDEBasket+CoreDataProperties.swift */; };
		6DE8F0451CE23F9D00EEA480 /* CDECurrency.swift in Sources */ = {isa = PBXBuildFile; fileRef = 6DE8F03D1CE23F9D00EEA480 /* CDECurrency.swift */; };
		6DE8F0461CE23F9D00EEA480 /* CDECurrency+CoreDataProperties.swift in Sources */ = {isa = PBXBuildFile; fileRef = 6DE8F03E1CE23F9D00EEA480 /* CDECurrency+CoreDataProperties.swift */; };
		6DE8F0471CE23F9D00EEA480 /* CDEExchange.swift in Sources */ = {isa = PBXBuildFile; fileRef = 6DE8F03F1CE23F9D00EEA480 /* CDEExchange.swift */; };
		6DE8F0481CE23F9D00EEA480 /* CDEExchange+CoreDataProperties.swift in Sources */ = {isa = PBXBuildFile; fileRef = 6DE8F0401CE23F9D00EEA480 /* CDEExchange+CoreDataProperties.swift */; };
		6DE8F0491CE23F9D00EEA480 /* CDESettings.swift in Sources */ = {isa = PBXBuildFile; fileRef = 6DE8F0411CE23F9D00EEA480 /* CDESettings.swift */; };
		6DE8F04A1CE23F9D00EEA480 /* CDESettings+CoreDataProperties.swift in Sources */ = {isa = PBXBuildFile; fileRef = 6DE8F0421CE23F9D00EEA480 /* CDESettings+CoreDataProperties.swift */; };
		6DE8F04C1CE2416D00EEA480 /* MainTabbarViewController.swift in Sources */ = {isa = PBXBuildFile; fileRef = 6DE8F04B1CE2416D00EEA480 /* MainTabbarViewController.swift */; };
		ED40774C1BDC35BFE233E26B /* Pods_BasketPablo.framework in Frameworks */ = {isa = PBXBuildFile; fileRef = 820DF443649BB60D77BA5E6C /* Pods_BasketPablo.framework */; };
/* End PBXBuildFile section */

/* Begin PBXContainerItemProxy section */
		6DC8041E1CE10825005AE856 /* PBXContainerItemProxy */ = {
			isa = PBXContainerItemProxy;
			containerPortal = 6DC803FF1CE10825005AE856 /* Project object */;
			proxyType = 1;
			remoteGlobalIDString = 6DC804061CE10825005AE856;
			remoteInfo = BasketPablo;
		};
/* End PBXContainerItemProxy section */

/* Begin PBXFileReference section */
		66FA0CC9C20777C636B32246 /* Pods-BasketPablo.release.xcconfig */ = {isa = PBXFileReference; includeInIndex = 1; lastKnownFileType = text.xcconfig; name = "Pods-BasketPablo.release.xcconfig"; path = "Pods/Target Support Files/Pods-BasketPablo/Pods-BasketPablo.release.xcconfig"; sourceTree = "<group>"; };
		6D6A9BA71CE347590052C15D /* BasketDataController.swift */ = {isa = PBXFileReference; fileEncoding = 4; lastKnownFileType = sourcecode.swift; path = BasketDataController.swift; sourceTree = "<group>"; };
		6D6B5FF61CE20BBD0018313E /* GoodsNetworkController.swift */ = {isa = PBXFileReference; fileEncoding = 4; lastKnownFileType = sourcecode.swift; path = GoodsNetworkController.swift; sourceTree = "<group>"; };
		6D6B5FF91CE20BDD0018313E /* GoodsDataController.swift */ = {isa = PBXFileReference; fileEncoding = 4; lastKnownFileType = sourcecode.swift; path = GoodsDataController.swift; sourceTree = "<group>"; };
		6D86E0BC1CE296AF0003B8C1 /* ExchangeDataController.swift */ = {isa = PBXFileReference; fileEncoding = 4; lastKnownFileType = sourcecode.swift; path = ExchangeDataController.swift; sourceTree = "<group>"; };
		6D86E0BE1CE2977E0003B8C1 /* ExchangeNetworkController.swift */ = {isa = PBXFileReference; fileEncoding = 4; lastKnownFileType = sourcecode.swift; path = ExchangeNetworkController.swift; sourceTree = "<group>"; };
		6D8F98C01CE4819800E840FF /* CurrencyNetworkControllerTests.swift */ = {isa = PBXFileReference; fileEncoding = 4; lastKnownFileType = sourcecode.swift; path = CurrencyNetworkControllerTests.swift; sourceTree = "<group>"; };
		6D8F98C21CE4825B00E840FF /* ExchangeNetworkControllerTests.swift */ = {isa = PBXFileReference; fileEncoding = 4; lastKnownFileType = sourcecode.swift; path = ExchangeNetworkControllerTests.swift; sourceTree = "<group>"; };
		6D9D0FEE1CE1D3FB0085E67F /* XcodeWarnings.xcconfig */ = {isa = PBXFileReference; fileEncoding = 4; lastKnownFileType = text.xcconfig; path = XcodeWarnings.xcconfig; sourceTree = "<group>"; };
		6D9D0FF01CE1E2900085E67F /* CDEGoods.swift */ = {isa = PBXFileReference; fileEncoding = 4; lastKnownFileType = sourcecode.swift; path = CDEGoods.swift; sourceTree = "<group>"; };
		6D9D0FF11CE1E2900085E67F /* CDEGoods+CoreDataProperties.swift */ = {isa = PBXFileReference; fileEncoding = 4; lastKnownFileType = sourcecode.swift; path = "CDEGoods+CoreDataProperties.swift"; sourceTree = "<group>"; };
		6DC3C34F1CE47D1A000032C3 /* BasketDataControllerTests.swift */ = {isa = PBXFileReference; fileEncoding = 4; lastKnownFileType = sourcecode.swift; path = BasketDataControllerTests.swift; sourceTree = "<group>"; };
		6DC3C3501CE47D1A000032C3 /* CurrencyDataControllerTests.swift */ = {isa = PBXFileReference; fileEncoding = 4; lastKnownFileType = sourcecode.swift; path = CurrencyDataControllerTests.swift; sourceTree = "<group>"; };
		6DC3C3511CE47D1A000032C3 /* ExchangeDataControllerTests.swift */ = {isa = PBXFileReference; fileEncoding = 4; lastKnownFileType = sourcecode.swift; path = ExchangeDataControllerTests.swift; sourceTree = "<group>"; };
		6DC3C3521CE47D1A000032C3 /* GoodsDataControllerTests.swift */ = {isa = PBXFileReference; fileEncoding = 4; lastKnownFileType = sourcecode.swift; path = GoodsDataControllerTests.swift; sourceTree = "<group>"; };
		6DC3C3531CE47D1A000032C3 /* SettingsDataControllerTests.swift */ = {isa = PBXFileReference; fileEncoding = 4; lastKnownFileType = sourcecode.swift; path = SettingsDataControllerTests.swift; sourceTree = "<group>"; };
		6DC3C3551CE47D1A000032C3 /* GoodsNetworkControllerTests.swift */ = {isa = PBXFileReference; fileEncoding = 4; lastKnownFileType = sourcecode.swift; path = GoodsNetworkControllerTests.swift; sourceTree = "<group>"; };
		6DC71C171CE3E48400B81013 /* BasketTableViewCell.swift */ = {isa = PBXFileReference; fileEncoding = 4; lastKnownFileType = sourcecode.swift; path = BasketTableViewCell.swift; sourceTree = "<group>"; };
		6DC71C191CE4039E00B81013 /* CurrencyTableViewController.swift */ = {isa = PBXFileReference; fileEncoding = 4; lastKnownFileType = sourcecode.swift; path = CurrencyTableViewController.swift; sourceTree = "<group>"; };
		6DC71C1B1CE4076E00B81013 /* CurrencyTableViewCell.swift */ = {isa = PBXFileReference; fileEncoding = 4; lastKnownFileType = sourcecode.swift; path = CurrencyTableViewCell.swift; sourceTree = "<group>"; };
		6DC804071CE10825005AE856 /* BasketPablo.app */ = {isa = PBXFileReference; explicitFileType = wrapper.application; includeInIndex = 0; path = BasketPablo.app; sourceTree = BUILT_PRODUCTS_DIR; };
		6DC8041D1CE10825005AE856 /* BasketPabloTests.xctest */ = {isa = PBXFileReference; explicitFileType = wrapper.cfbundle; includeInIndex = 0; path = BasketPabloTests.xctest; sourceTree = BUILT_PRODUCTS_DIR; };
		6DC804231CE10825005AE856 /* Info.plist */ = {isa = PBXFileReference; lastKnownFileType = text.plist.xml; path = Info.plist; sourceTree = "<group>"; };
		6DC8043F1CE11222005AE856 /* AppDelegate.swift */ = {isa = PBXFileReference; fileEncoding = 4; lastKnownFileType = sourcecode.swift; path = AppDelegate.swift; sourceTree = "<group>"; };
		6DC804401CE11222005AE856 /* Info.plist */ = {isa = PBXFileReference; fileEncoding = 4; lastKnownFileType = text.plist.xml; path = Info.plist; sourceTree = "<group>"; };
		6DC804431CE11254005AE856 /* EndPoints.swift */ = {isa = PBXFileReference; fileEncoding = 4; lastKnownFileType = sourcecode.swift; path = EndPoints.swift; sourceTree = "<group>"; };
		6DC804471CE11327005AE856 /* BasketPablo.xcdatamodel */ = {isa = PBXFileReference; lastKnownFileType = wrapper.xcdatamodel; path = BasketPablo.xcdatamodel; sourceTree = "<group>"; };
		6DC8044B1CE113A8005AE856 /* Assets.xcassets */ = {isa = PBXFileReference; lastKnownFileType = folder.assetcatalog; path = Assets.xcassets; sourceTree = "<group>"; };
		6DC8044D1CE113A8005AE856 /* Localizable.strings */ = {isa = PBXFileReference; fileEncoding = 4; lastKnownFileType = text.plist.strings; path = Localizable.strings; sourceTree = "<group>"; };
		6DC804511CE113F3005AE856 /* LaunchScreen.storyboard */ = {isa = PBXFileReference; fileEncoding = 4; lastKnownFileType = file.storyboard; path = LaunchScreen.storyboard; sourceTree = "<group>"; };
		6DC804521CE113F3005AE856 /* Main.storyboard */ = {isa = PBXFileReference; fileEncoding = 4; lastKnownFileType = file.storyboard; path = Main.storyboard; sourceTree = "<group>"; };
		6DC804591CE1150E005AE856 /* BasketViewController.swift */ = {isa = PBXFileReference; fileEncoding = 4; lastKnownFileType = sourcecode.swift; path = BasketViewController.swift; sourceTree = "<group>"; };
		6DC8045A1CE1150E005AE856 /* GoodsViewController.swift */ = {isa = PBXFileReference; fileEncoding = 4; lastKnownFileType = sourcecode.swift; path = GoodsViewController.swift; sourceTree = "<group>"; };
		6DDEAD961CE256BD001E7878 /* CurrencyDataController.swift */ = {isa = PBXFileReference; fileEncoding = 4; lastKnownFileType = sourcecode.swift; path = CurrencyDataController.swift; sourceTree = "<group>"; };
		6DDEAD981CE25A67001E7878 /* CurrencyNetworkController.swift */ = {isa = PBXFileReference; fileEncoding = 4; lastKnownFileType = sourcecode.swift; path = CurrencyNetworkController.swift; sourceTree = "<group>"; };
		6DDEAD9A1CE26579001E7878 /* GoodsTableViewCell.swift */ = {isa = PBXFileReference; fileEncoding = 4; lastKnownFileType = sourcecode.swift; path = GoodsTableViewCell.swift; sourceTree = "<group>"; };
		6DDEAD9C1CE26750001E7878 /* Notifications.swift */ = {isa = PBXFileReference; fileEncoding = 4; lastKnownFileType = sourcecode.swift; path = Notifications.swift; sourceTree = "<group>"; };
		6DDEAD9E1CE26D37001E7878 /* SettingsDataController.swift */ = {isa = PBXFileReference; fileEncoding = 4; lastKnownFileType = sourcecode.swift; path = SettingsDataController.swift; sourceTree = "<group>"; };
		6DDEADA01CE2758A001E7878 /* Constants.swift */ = {isa = PBXFileReference; fileEncoding = 4; lastKnownFileType = sourcecode.swift; path = Constants.swift; sourceTree = "<group>"; };
		6DE8F03B1CE23F9D00EEA480 /* CDEBasket.swift */ = {isa = PBXFileReference; fileEncoding = 4; lastKnownFileType = sourcecode.swift; path = CDEBasket.swift; sourceTree = "<group>"; };
		6DE8F03C1CE23F9D00EEA480 /* CDEBasket+CoreDataProperties.swift */ = {isa = PBXFileReference; fileEncoding = 4; lastKnownFileType = sourcecode.swift; path = "CDEBasket+CoreDataProperties.swift"; sourceTree = "<group>"; };
		6DE8F03D1CE23F9D00EEA480 /* CDECurrency.swift */ = {isa = PBXFileReference; fileEncoding = 4; lastKnownFileType = sourcecode.swift; path = CDECurrency.swift; sourceTree = "<group>"; };
		6DE8F03E1CE23F9D00EEA480 /* CDECurrency+CoreDataProperties.swift */ = {isa = PBXFileReference; fileEncoding = 4; lastKnownFileType = sourcecode.swift; path = "CDECurrency+CoreDataProperties.swift"; sourceTree = "<group>"; };
		6DE8F03F1CE23F9D00EEA480 /* CDEExchange.swift */ = {isa = PBXFileReference; fileEncoding = 4; lastKnownFileType = sourcecode.swift; path = CDEExchange.swift; sourceTree = "<group>"; };
		6DE8F0401CE23F9D00EEA480 /* CDEExchange+CoreDataProperties.swift */ = {isa = PBXFileReference; fileEncoding = 4; lastKnownFileType = sourcecode.swift; path = "CDEExchange+CoreDataProperties.swift"; sourceTree = "<group>"; };
		6DE8F0411CE23F9D00EEA480 /* CDESettings.swift */ = {isa = PBXFileReference; fileEncoding = 4; lastKnownFileType = sourcecode.swift; path = CDESettings.swift; sourceTree = "<group>"; };
		6DE8F0421CE23F9D00EEA480 /* CDESettings+CoreDataProperties.swift */ = {isa = PBXFileReference; fileEncoding = 4; lastKnownFileType = sourcecode.swift; path = "CDESettings+CoreDataProperties.swift"; sourceTree = "<group>"; };
		6DE8F04B1CE2416D00EEA480 /* MainTabbarViewController.swift */ = {isa = PBXFileReference; fileEncoding = 4; lastKnownFileType = sourcecode.swift; path = MainTabbarViewController.swift; sourceTree = "<group>"; };
		820DF443649BB60D77BA5E6C /* Pods_BasketPablo.framework */ = {isa = PBXFileReference; explicitFileType = wrapper.framework; includeInIndex = 0; path = Pods_BasketPablo.framework; sourceTree = BUILT_PRODUCTS_DIR; };
		8DA3ADA68FFA7424B2EFB754 /* Pods-BasketPablo.debug.xcconfig */ = {isa = PBXFileReference; includeInIndex = 1; lastKnownFileType = text.xcconfig; name = "Pods-BasketPablo.debug.xcconfig"; path = "Pods/Target Support Files/Pods-BasketPablo/Pods-BasketPablo.debug.xcconfig"; sourceTree = "<group>"; };
/* End PBXFileReference section */

/* Begin PBXFrameworksBuildPhase section */
		6DC804041CE10825005AE856 /* Frameworks */ = {
			isa = PBXFrameworksBuildPhase;
			buildActionMask = 2147483647;
			files = (
				ED40774C1BDC35BFE233E26B /* Pods_BasketPablo.framework in Frameworks */,
			);
			runOnlyForDeploymentPostprocessing = 0;
		};
		6DC8041A1CE10825005AE856 /* Frameworks */ = {
			isa = PBXFrameworksBuildPhase;
			buildActionMask = 2147483647;
			files = (
			);
			runOnlyForDeploymentPostprocessing = 0;
		};
/* End PBXFrameworksBuildPhase section */

/* Begin PBXGroup section */
		236EA42DD67DEDE63F66E53A /* Frameworks */ = {
			isa = PBXGroup;
			children = (
				820DF443649BB60D77BA5E6C /* Pods_BasketPablo.framework */,
			);
			name = Frameworks;
			sourceTree = "<group>";
		};
		6D6B5FF51CE20BBD0018313E /* NetworkControllers */ = {
			isa = PBXGroup;
			children = (
				6DDEAD981CE25A67001E7878 /* CurrencyNetworkController.swift */,
				6D86E0BE1CE2977E0003B8C1 /* ExchangeNetworkController.swift */,
				6D6B5FF61CE20BBD0018313E /* GoodsNetworkController.swift */,
			);
			path = NetworkControllers;
			sourceTree = "<group>";
		};
		6D6B5FF71CE20BBD0018313E /* DataControllers */ = {
			isa = PBXGroup;
			children = (
				6DDEAD961CE256BD001E7878 /* CurrencyDataController.swift */,
				6D6A9BA71CE347590052C15D /* BasketDataController.swift */,
				6D86E0BC1CE296AF0003B8C1 /* ExchangeDataController.swift */,
				6D6B5FF91CE20BDD0018313E /* GoodsDataController.swift */,
				6DDEAD9E1CE26D37001E7878 /* SettingsDataController.swift */,
			);
			path = DataControllers;
			sourceTree = "<group>";
		};
		6DC3C34D1CE47D1A000032C3 /* Controllers */ = {
			isa = PBXGroup;
			children = (
				6DC3C34E1CE47D1A000032C3 /* DataControllers */,
				6DC3C3541CE47D1A000032C3 /* NetworkControllers */,
			);
			path = Controllers;
			sourceTree = "<group>";
		};
		6DC3C34E1CE47D1A000032C3 /* DataControllers */ = {
			isa = PBXGroup;
			children = (
				6DC3C34F1CE47D1A000032C3 /* BasketDataControllerTests.swift */,
				6DC3C3501CE47D1A000032C3 /* CurrencyDataControllerTests.swift */,
				6DC3C3511CE47D1A000032C3 /* ExchangeDataControllerTests.swift */,
				6DC3C3521CE47D1A000032C3 /* GoodsDataControllerTests.swift */,
				6DC3C3531CE47D1A000032C3 /* SettingsDataControllerTests.swift */,
			);
			path = DataControllers;
			sourceTree = "<group>";
		};
		6DC3C3541CE47D1A000032C3 /* NetworkControllers */ = {
			isa = PBXGroup;
			children = (
				6D8F98C01CE4819800E840FF /* CurrencyNetworkControllerTests.swift */,
				6DC3C3551CE47D1A000032C3 /* GoodsNetworkControllerTests.swift */,
				6D8F98C21CE4825B00E840FF /* ExchangeNetworkControllerTests.swift */,
			);
			path = NetworkControllers;
			sourceTree = "<group>";
		};
		6DC803FE1CE10825005AE856 = {
			isa = PBXGroup;
			children = (
				6D9D0FEE1CE1D3FB0085E67F /* XcodeWarnings.xcconfig */,
				6DC804091CE10825005AE856 /* BasketPablo */,
				6DC804201CE10825005AE856 /* BasketPabloTests */,
				6DC804081CE10825005AE856 /* Products */,
				BA3CC7538D2BF60DB4B432D2 /* Pods */,
				236EA42DD67DEDE63F66E53A /* Frameworks */,
			);
			sourceTree = "<group>";
		};
		6DC804081CE10825005AE856 /* Products */ = {
			isa = PBXGroup;
			children = (
				6DC804071CE10825005AE856 /* BasketPablo.app */,
				6DC8041D1CE10825005AE856 /* BasketPabloTests.xctest */,
			);
			name = Products;
			sourceTree = "<group>";
		};
		6DC804091CE10825005AE856 /* BasketPablo */ = {
			isa = PBXGroup;
			children = (
				6DC8043E1CE11222005AE856 /* Application */,
				6DC804551CE114EA005AE856 /* Controllers */,
				6DC804451CE1130F005AE856 /* Models */,
				6DC804491CE113A8005AE856 /* Resources */,
			);
			path = BasketPablo;
			sourceTree = "<group>";
		};
		6DC804201CE10825005AE856 /* BasketPabloTests */ = {
			isa = PBXGroup;
			children = (
				6DC3C34D1CE47D1A000032C3 /* Controllers */,
				6DC804231CE10825005AE856 /* Info.plist */,
			);
			path = BasketPabloTests;
			sourceTree = "<group>";
		};
		6DC8043E1CE11222005AE856 /* Application */ = {
			isa = PBXGroup;
			children = (
				6DC8043F1CE11222005AE856 /* AppDelegate.swift */,
				6DDEADA01CE2758A001E7878 /* Constants.swift */,
				6DC804431CE11254005AE856 /* EndPoints.swift */,
				6DDEAD9C1CE26750001E7878 /* Notifications.swift */,
				6DC804401CE11222005AE856 /* Info.plist */,
			);
			path = Application;
			sourceTree = "<group>";
		};
		6DC804451CE1130F005AE856 /* Models */ = {
			isa = PBXGroup;
			children = (
				6DE8F03B1CE23F9D00EEA480 /* CDEBasket.swift */,
				6DE8F03C1CE23F9D00EEA480 /* CDEBasket+CoreDataProperties.swift */,
				6DE8F03D1CE23F9D00EEA480 /* CDECurrency.swift */,
				6DE8F03E1CE23F9D00EEA480 /* CDECurrency+CoreDataProperties.swift */,
				6DE8F03F1CE23F9D00EEA480 /* CDEExchange.swift */,
				6DE8F0401CE23F9D00EEA480 /* CDEExchange+CoreDataProperties.swift */,
				6DE8F0411CE23F9D00EEA480 /* CDESettings.swift */,
				6DE8F0421CE23F9D00EEA480 /* CDESettings+CoreDataProperties.swift */,
				6D9D0FF01CE1E2900085E67F /* CDEGoods.swift */,
				6D9D0FF11CE1E2900085E67F /* CDEGoods+CoreDataProperties.swift */,
				6DC804461CE11327005AE856 /* BasketPablo.xcdatamodeld */,
			);
			path = Models;
			sourceTree = "<group>";
		};
		6DC804491CE113A8005AE856 /* Resources */ = {
			isa = PBXGroup;
			children = (
				6DC8044A1CE113A8005AE856 /* Images */,
				6DC804501CE113F3005AE856 /* Storyboards */,
				6DC8044C1CE113A8005AE856 /* Strings */,
			);
			path = Resources;
			sourceTree = "<group>";
		};
		6DC8044A1CE113A8005AE856 /* Images */ = {
			isa = PBXGroup;
			children = (
				6DC8044B1CE113A8005AE856 /* Assets.xcassets */,
			);
			path = Images;
			sourceTree = "<group>";
		};
		6DC8044C1CE113A8005AE856 /* Strings */ = {
			isa = PBXGroup;
			children = (
				6DC8044D1CE113A8005AE856 /* Localizable.strings */,
			);
			path = Strings;
			sourceTree = "<group>";
		};
		6DC804501CE113F3005AE856 /* Storyboards */ = {
			isa = PBXGroup;
			children = (
				6DC804511CE113F3005AE856 /* LaunchScreen.storyboard */,
				6DC804521CE113F3005AE856 /* Main.storyboard */,
			);
			path = Storyboards;
			sourceTree = "<group>";
		};
		6DC804551CE114EA005AE856 /* Controllers */ = {
			isa = PBXGroup;
			children = (
				6D6B5FF71CE20BBD0018313E /* DataControllers */,
				6D6B5FF51CE20BBD0018313E /* NetworkControllers */,
				6DC804581CE114EA005AE856 /* ViewControllers */,
			);
			path = Controllers;
			sourceTree = "<group>";
		};
		6DC804581CE114EA005AE856 /* ViewControllers */ = {
			isa = PBXGroup;
			children = (
				6DE8F04B1CE2416D00EEA480 /* MainTabbarViewController.swift */,
				6DC804591CE1150E005AE856 /* BasketViewController.swift */,
				6DC71C171CE3E48400B81013 /* BasketTableViewCell.swift */,
				6DC8045A1CE1150E005AE856 /* GoodsViewController.swift */,
				6DDEAD9A1CE26579001E7878 /* GoodsTableViewCell.swift */,
				6DC71C191CE4039E00B81013 /* CurrencyTableViewController.swift */,
				6DC71C1B1CE4076E00B81013 /* CurrencyTableViewCell.swift */,
			);
			path = ViewControllers;
			sourceTree = "<group>";
		};
		BA3CC7538D2BF60DB4B432D2 /* Pods */ = {
			isa = PBXGroup;
			children = (
				8DA3ADA68FFA7424B2EFB754 /* Pods-BasketPablo.debug.xcconfig */,
				66FA0CC9C20777C636B32246 /* Pods-BasketPablo.release.xcconfig */,
			);
			name = Pods;
			sourceTree = "<group>";
		};
/* End PBXGroup section */

/* Begin PBXNativeTarget section */
		6DC804061CE10825005AE856 /* BasketPablo */ = {
			isa = PBXNativeTarget;
			buildConfigurationList = 6DC804311CE10825005AE856 /* Build configuration list for PBXNativeTarget "BasketPablo" */;
			buildPhases = (
				27EE71D2C974D6B0863F687D /* Check Pods Manifest.lock */,
				6DC804031CE10825005AE856 /* Sources */,
				6DC804041CE10825005AE856 /* Frameworks */,
				6DC804051CE10825005AE856 /* Resources */,
				4A0A31A622534463B761E154 /* Embed Pods Frameworks */,
				AD0146C86EB1CC071522A6D5 /* Copy Pods Resources */,
				6D9D0FF41CE1E4E60085E67F /* ShellScript */,
			);
			buildRules = (
			);
			dependencies = (
			);
			name = BasketPablo;
			productName = BasketPablo;
			productReference = 6DC804071CE10825005AE856 /* BasketPablo.app */;
			productType = "com.apple.product-type.application";
		};
		6DC8041C1CE10825005AE856 /* BasketPabloTests */ = {
			isa = PBXNativeTarget;
			buildConfigurationList = 6DC804341CE10825005AE856 /* Build configuration list for PBXNativeTarget "BasketPabloTests" */;
			buildPhases = (
				6DC804191CE10825005AE856 /* Sources */,
				6DC8041A1CE10825005AE856 /* Frameworks */,
				6DC8041B1CE10825005AE856 /* Resources */,
			);
			buildRules = (
			);
			dependencies = (
				6DC8041F1CE10825005AE856 /* PBXTargetDependency */,
			);
			name = BasketPabloTests;
			productName = BasketPabloTests;
			productReference = 6DC8041D1CE10825005AE856 /* BasketPabloTests.xctest */;
			productType = "com.apple.product-type.bundle.unit-test";
		};
/* End PBXNativeTarget section */

/* Begin PBXProject section */
		6DC803FF1CE10825005AE856 /* Project object */ = {
			isa = PBXProject;
			attributes = {
				LastSwiftUpdateCheck = 0730;
				LastUpgradeCheck = 0730;
				ORGANIZATIONNAME = PR2Studio;
				TargetAttributes = {
					6DC804061CE10825005AE856 = {
						CreatedOnToolsVersion = 7.3;
					};
					6DC8041C1CE10825005AE856 = {
						CreatedOnToolsVersion = 7.3;
						TestTargetID = 6DC804061CE10825005AE856;
					};
				};
			};
			buildConfigurationList = 6DC804021CE10825005AE856 /* Build configuration list for PBXProject "BasketPablo" */;
			compatibilityVersion = "Xcode 3.2";
			developmentRegion = English;
			hasScannedForEncodings = 0;
			knownRegions = (
				en,
				Base,
			);
			mainGroup = 6DC803FE1CE10825005AE856;
			productRefGroup = 6DC804081CE10825005AE856 /* Products */;
			projectDirPath = "";
			projectRoot = "";
			targets = (
				6DC804061CE10825005AE856 /* BasketPablo */,
				6DC8041C1CE10825005AE856 /* BasketPabloTests */,
			);
		};
/* End PBXProject section */

/* Begin PBXResourcesBuildPhase section */
		6DC804051CE10825005AE856 /* Resources */ = {
			isa = PBXResourcesBuildPhase;
			buildActionMask = 2147483647;
			files = (
				6DC8044F1CE113A8005AE856 /* Localizable.strings in Resources */,
				6DC804541CE113F3005AE856 /* Main.storyboard in Resources */,
				6DC804531CE113F3005AE856 /* LaunchScreen.storyboard in Resources */,
				6D9D0FEF1CE1D3FB0085E67F /* XcodeWarnings.xcconfig in Resources */,
				6DC8044E1CE113A8005AE856 /* Assets.xcassets in Resources */,
			);
			runOnlyForDeploymentPostprocessing = 0;
		};
		6DC8041B1CE10825005AE856 /* Resources */ = {
			isa = PBXResourcesBuildPhase;
			buildActionMask = 2147483647;
			files = (
			);
			runOnlyForDeploymentPostprocessing = 0;
		};
/* End PBXResourcesBuildPhase section */

/* Begin PBXShellScriptBuildPhase section */
		27EE71D2C974D6B0863F687D /* Check Pods Manifest.lock */ = {
			isa = PBXShellScriptBuildPhase;
			buildActionMask = 2147483647;
			files = (
			);
			inputPaths = (
			);
			name = "Check Pods Manifest.lock";
			outputPaths = (
			);
			runOnlyForDeploymentPostprocessing = 0;
			shellPath = /bin/sh;
			shellScript = "diff \"${PODS_ROOT}/../Podfile.lock\" \"${PODS_ROOT}/Manifest.lock\" > /dev/null\nif [[ $? != 0 ]] ; then\n    cat << EOM\nerror: The sandbox is not in sync with the Podfile.lock. Run 'pod install' or update your CocoaPods installation.\nEOM\n    exit 1\nfi\n";
			showEnvVarsInLog = 0;
		};
		4A0A31A622534463B761E154 /* Embed Pods Frameworks */ = {
			isa = PBXShellScriptBuildPhase;
			buildActionMask = 2147483647;
			files = (
			);
			inputPaths = (
			);
			name = "Embed Pods Frameworks";
			outputPaths = (
			);
			runOnlyForDeploymentPostprocessing = 0;
			shellPath = /bin/sh;
			shellScript = "\"${SRCROOT}/Pods/Target Support Files/Pods-BasketPablo/Pods-BasketPablo-frameworks.sh\"\n";
			showEnvVarsInLog = 0;
		};
		6D9D0FF41CE1E4E60085E67F /* ShellScript */ = {
			isa = PBXShellScriptBuildPhase;
			buildActionMask = 2147483647;
			files = (
			);
			inputPaths = (
			);
			outputPaths = (
			);
			runOnlyForDeploymentPostprocessing = 0;
			shellPath = /bin/sh;
			shellScript = "#if which swiftlint >/dev/null; then\n#swiftlint\n#else\n#echo \"warning: SwiftLint not installed, download from https://github.com/realm/SwiftLint\"\n#fi";
		};
		AD0146C86EB1CC071522A6D5 /* Copy Pods Resources */ = {
			isa = PBXShellScriptBuildPhase;
			buildActionMask = 2147483647;
			files = (
			);
			inputPaths = (
			);
			name = "Copy Pods Resources";
			outputPaths = (
			);
			runOnlyForDeploymentPostprocessing = 0;
			shellPath = /bin/sh;
			shellScript = "\"${SRCROOT}/Pods/Target Support Files/Pods-BasketPablo/Pods-BasketPablo-resources.sh\"\n";
			showEnvVarsInLog = 0;
		};
/* End PBXShellScriptBuildPhase section */

/* Begin PBXSourcesBuildPhase section */
		6DC804031CE10825005AE856 /* Sources */ = {
			isa = PBXSourcesBuildPhase;
			buildActionMask = 2147483647;
			files = (
				6DC8045B1CE1150E005AE856 /* BasketViewController.swift in Sources */,
				6D6B5FF81CE20BBD0018313E /* GoodsNetworkController.swift in Sources */,
				6DDEAD9F1CE26D37001E7878 /* SettingsDataController.swift in Sources */,
				6DC71C1A1CE4039E00B81013 /* CurrencyTableViewController.swift in Sources */,
				6D86E0BF1CE2977E0003B8C1 /* ExchangeNetworkController.swift in Sources */,
				6DDEAD9D1CE26750001E7878 /* Notifications.swift in Sources */,
				6DE8F0461CE23F9D00EEA480 /* CDECurrency+CoreDataProperties.swift in Sources */,
				6DE8F04A1CE23F9D00EEA480 /* CDESettings+CoreDataProperties.swift in Sources */,
				6D6B5FFA1CE20BDD0018313E /* GoodsDataController.swift in Sources */,
				6D9D0FF21CE1E2900085E67F /* CDEGoods.swift in Sources */,
				6DC804411CE11222005AE856 /* AppDelegate.swift in Sources */,
				6DC8045C1CE1150E005AE856 /* GoodsViewController.swift in Sources */,
				6DC804481CE11327005AE856 /* BasketPablo.xcdatamodeld in Sources */,
				6DE8F04C1CE2416D00EEA480 /* MainTabbarViewController.swift in Sources */,
				6DC71C181CE3E48400B81013 /* BasketTableViewCell.swift in Sources */,
				6DC804441CE11254005AE856 /* EndPoints.swift in Sources */,
				6DE8F0491CE23F9D00EEA480 /* CDESettings.swift in Sources */,
				6D6A9BA81CE347590052C15D /* BasketDataController.swift in Sources */,
				6D86E0BD1CE296AF0003B8C1 /* ExchangeDataController.swift in Sources */,
				6DE8F0471CE23F9D00EEA480 /* CDEExchange.swift in Sources */,
				6DE8F0431CE23F9D00EEA480 /* CDEBasket.swift in Sources */,
				6DE8F0481CE23F9D00EEA480 /* CDEExchange+CoreDataProperties.swift in Sources */,
				6DDEAD991CE25A67001E7878 /* CurrencyNetworkController.swift in Sources */,
				6DDEAD9B1CE26579001E7878 /* GoodsTableViewCell.swift in Sources */,
				6DE8F0441CE23F9D00EEA480 /* CDEBasket+CoreDataProperties.swift in Sources */,
				6D9D0FF31CE1E2900085E67F /* CDEGoods+CoreDataProperties.swift in Sources */,
				6DDEAD971CE256BD001E7878 /* CurrencyDataController.swift in Sources */,
				6DE8F0451CE23F9D00EEA480 /* CDECurrency.swift in Sources */,
				6DC71C1C1CE4076E00B81013 /* CurrencyTableViewCell.swift in Sources */,
				6DDEADA11CE2758A001E7878 /* Constants.swift in Sources */,
			);
			runOnlyForDeploymentPostprocessing = 0;
		};
		6DC804191CE10825005AE856 /* Sources */ = {
			isa = PBXSourcesBuildPhase;
			buildActionMask = 2147483647;
			files = (
				6DC3C35A1CE47D1A000032C3 /* SettingsDataControllerTests.swift in Sources */,
				6DC3C3571CE47D1A000032C3 /* CurrencyDataControllerTests.swift in Sources */,
				6DC3C3581CE47D1A000032C3 /* ExchangeDataControllerTests.swift in Sources */,
				6D8F98C31CE4825B00E840FF /* ExchangeNetworkControllerTests.swift in Sources */,
				6DC3C3591CE47D1A000032C3 /* GoodsDataControllerTests.swift in Sources */,
				6DC3C3561CE47D1A000032C3 /* BasketDataControllerTests.swift in Sources */,
				6DC3C35B1CE47D1A000032C3 /* GoodsNetworkControllerTests.swift in Sources */,
				6D8F98C11CE4819800E840FF /* CurrencyNetworkControllerTests.swift in Sources */,
			);
			runOnlyForDeploymentPostprocessing = 0;
		};
/* End PBXSourcesBuildPhase section */

/* Begin PBXTargetDependency section */
		6DC8041F1CE10825005AE856 /* PBXTargetDependency */ = {
			isa = PBXTargetDependency;
			target = 6DC804061CE10825005AE856 /* BasketPablo */;
			targetProxy = 6DC8041E1CE10825005AE856 /* PBXContainerItemProxy */;
		};
/* End PBXTargetDependency section */

/* Begin XCBuildConfiguration section */
		6DC8042F1CE10825005AE856 /* Debug */ = {
			isa = XCBuildConfiguration;
			buildSettings = {
				ALWAYS_SEARCH_USER_PATHS = NO;
				CLANG_CXX_LANGUAGE_STANDARD = "gnu++0x";
				CLANG_CXX_LIBRARY = "libc++";
				CLANG_ENABLE_MODULES = YES;
				CLANG_ENABLE_OBJC_ARC = YES;
				"CODE_SIGN_IDENTITY[sdk=iphoneos*]" = "iPhone Developer";
				COPY_PHASE_STRIP = NO;
				DEBUG_INFORMATION_FORMAT = dwarf;
				ENABLE_STRICT_OBJC_MSGSEND = YES;
				ENABLE_TESTABILITY = YES;
				GCC_C_LANGUAGE_STANDARD = gnu99;
				GCC_DYNAMIC_NO_PIC = NO;
				GCC_NO_COMMON_BLOCKS = YES;
				GCC_OPTIMIZATION_LEVEL = 0;
				GCC_PREPROCESSOR_DEFINITIONS = (
					"DEBUG=1",
					"$(inherited)",
				);
				IPHONEOS_DEPLOYMENT_TARGET = 9.3;
				MTL_ENABLE_DEBUG_INFO = YES;
				ONLY_ACTIVE_ARCH = YES;
				SDKROOT = iphoneos;
				SWIFT_OPTIMIZATION_LEVEL = "-Onone";
			};
			name = Debug;
		};
		6DC804301CE10825005AE856 /* Release */ = {
			isa = XCBuildConfiguration;
			buildSettings = {
				ALWAYS_SEARCH_USER_PATHS = NO;
				CLANG_CXX_LANGUAGE_STANDARD = "gnu++0x";
				CLANG_CXX_LIBRARY = "libc++";
				CLANG_ENABLE_MODULES = YES;
				CLANG_ENABLE_OBJC_ARC = YES;
				"CODE_SIGN_IDENTITY[sdk=iphoneos*]" = "iPhone Developer";
				COPY_PHASE_STRIP = NO;
				DEBUG_INFORMATION_FORMAT = "dwarf-with-dsym";
				ENABLE_NS_ASSERTIONS = NO;
				ENABLE_STRICT_OBJC_MSGSEND = YES;
				GCC_C_LANGUAGE_STANDARD = gnu99;
				GCC_NO_COMMON_BLOCKS = YES;
				IPHONEOS_DEPLOYMENT_TARGET = 9.3;
				MTL_ENABLE_DEBUG_INFO = NO;
				SDKROOT = iphoneos;
				VALIDATE_PRODUCT = YES;
			};
			name = Release;
		};
		6DC804321CE10825005AE856 /* Debug */ = {
			isa = XCBuildConfiguration;
			baseConfigurationReference = 8DA3ADA68FFA7424B2EFB754 /* Pods-BasketPablo.debug.xcconfig */;
			buildSettings = {
				ASSETCATALOG_COMPILER_APPICON_NAME = AppIcon;
				INFOPLIST_FILE = "$(SRCROOT)/BasketPablo/Application/Info.plist";
				LD_RUNPATH_SEARCH_PATHS = "$(inherited) @executable_path/Frameworks";
				PRODUCT_BUNDLE_IDENTIFIER = com.pr2studio.BasketPablo;
				PRODUCT_NAME = "$(TARGET_NAME)";
			};
			name = Debug;
		};
		6DC804331CE10825005AE856 /* Release */ = {
			isa = XCBuildConfiguration;
			baseConfigurationReference = 66FA0CC9C20777C636B32246 /* Pods-BasketPablo.release.xcconfig */;
			buildSettings = {
				ASSETCATALOG_COMPILER_APPICON_NAME = AppIcon;
				INFOPLIST_FILE = "$(SRCROOT)/BasketPablo/Application/Info.plist";
				LD_RUNPATH_SEARCH_PATHS = "$(inherited) @executable_path/Frameworks";
				PRODUCT_BUNDLE_IDENTIFIER = com.pr2studio.BasketPablo;
				PRODUCT_NAME = "$(TARGET_NAME)";
			};
			name = Release;
		};
		6DC804351CE10825005AE856 /* Debug */ = {
			isa = XCBuildConfiguration;
			buildSettings = {
				BUNDLE_LOADER = "$(TEST_HOST)";
				INFOPLIST_FILE = BasketPabloTests/Info.plist;
				LD_RUNPATH_SEARCH_PATHS = "$(inherited) @executable_path/Frameworks @loader_path/Frameworks";
				PRODUCT_BUNDLE_IDENTIFIER = com.pr2studio.BasketPabloTests;
				PRODUCT_NAME = "$(TARGET_NAME)";
				TEST_HOST = "$(BUILT_PRODUCTS_DIR)/BasketPablo.app/BasketPablo";
			};
			name = Debug;
		};
		6DC804361CE10825005AE856 /* Release */ = {
			isa = XCBuildConfiguration;
			buildSettings = {
				BUNDLE_LOADER = "$(TEST_HOST)";
				INFOPLIST_FILE = BasketPabloTests/Info.plist;
				LD_RUNPATH_SEARCH_PATHS = "$(inherited) @executable_path/Frameworks @loader_path/Frameworks";
				PRODUCT_BUNDLE_IDENTIFIER = com.pr2studio.BasketPabloTests;
				PRODUCT_NAME = "$(TARGET_NAME)";
				TEST_HOST = "$(BUILT_PRODUCTS_DIR)/BasketPablo.app/BasketPablo";
			};
			name = Release;
		};
/* End XCBuildConfiguration section */

/* Begin XCConfigurationList section */
		6DC804021CE10825005AE856 /* Build configuration list for PBXProject "BasketPablo" */ = {
			isa = XCConfigurationList;
			buildConfigurations = (
				6DC8042F1CE10825005AE856 /* Debug */,
				6DC804301CE10825005AE856 /* Release */,
			);
			defaultConfigurationIsVisible = 0;
			defaultConfigurationName = Release;
		};
		6DC804311CE10825005AE856 /* Build configuration list for PBXNativeTarget "BasketPablo" */ = {
			isa = XCConfigurationList;
			buildConfigurations = (
				6DC804321CE10825005AE856 /* Debug */,
				6DC804331CE10825005AE856 /* Release */,
			);
			defaultConfigurationIsVisible = 0;
			defaultConfigurationName = Release;
		};
		6DC804341CE10825005AE856 /* Build configuration list for PBXNativeTarget "BasketPabloTests" */ = {
			isa = XCConfigurationList;
			buildConfigurations = (
				6DC804351CE10825005AE856 /* Debug */,
				6DC804361CE10825005AE856 /* Release */,
			);
			defaultConfigurationIsVisible = 0;
			defaultConfigurationName = Release;
		};
/* End XCConfigurationList section */

/* Begin XCVersionGroup section */
		6DC804461CE11327005AE856 /* BasketPablo.xcdatamodeld */ = {
			isa = XCVersionGroup;
			children = (
				6DC804471CE11327005AE856 /* BasketPablo.xcdatamodel */,
			);
			currentVersion = 6DC804471CE11327005AE856 /* BasketPablo.xcdatamodel */;
			path = BasketPablo.xcdatamodeld;
			sourceTree = "<group>";
			versionGroupType = wrapper.xcdatamodel;
		};
/* End XCVersionGroup section */
	};
	rootObject = 6DC803FF1CE10825005AE856 /* Project object */;
}
